// !$*UTF8*$!
{
	archiveVersion = 1;
	classes = {
	};
	objectVersion = 50;
	objects = {

/* Begin PBXBuildFile section */
		982A07D927D5BED900B4772A /* graph.cpp in Sources */ = {isa = PBXBuildFile; fileRef = 982A07D727D5BED900B4772A /* graph.cpp */; };
		984A0CA027C0DE5C004A0A96 /* main.cpp in Sources */ = {isa = PBXBuildFile; fileRef = 984A0C9F27C0DE5C004A0A96 /* main.cpp */; };
		984A0CAB27C0DF56004A0A96 /* savingData.cpp in Sources */ = {isa = PBXBuildFile; fileRef = 984A0CA927C0DF56004A0A96 /* savingData.cpp */; };
		984A0CAF27C0DF81004A0A96 /* random.cpp in Sources */ = {isa = PBXBuildFile; fileRef = 984A0CAD27C0DF81004A0A96 /* random.cpp */; };
		984A0CB627C0E0B7004A0A96 /* simulation.cpp in Sources */ = {isa = PBXBuildFile; fileRef = 984A0CB427C0E0B7004A0A96 /* simulation.cpp */; };
		98CE3E3C27C77B6E00C5D139 /* testing.cpp in Sources */ = {isa = PBXBuildFile; fileRef = 98CE3E3B27C77B6E00C5D139 /* testing.cpp */; };
/* End PBXBuildFile section */

/* Begin PBXCopyFilesBuildPhase section */
		984A0C9A27C0DE5C004A0A96 /* CopyFiles */ = {
			isa = PBXCopyFilesBuildPhase;
			buildActionMask = 2147483647;
			dstPath = /usr/share/man/man1/;
			dstSubfolderSpec = 0;
			files = (
			);
			runOnlyForDeploymentPostprocessing = 1;
		};
/* End PBXCopyFilesBuildPhase section */

/* Begin PBXFileReference section */
		982A07D727D5BED900B4772A /* graph.cpp */ = {isa = PBXFileReference; lastKnownFileType = sourcecode.cpp.cpp; path = graph.cpp; sourceTree = "<group>"; };
		982A07D827D5BED900B4772A /* graph.h */ = {isa = PBXFileReference; lastKnownFileType = sourcecode.c.h; path = graph.h; sourceTree = "<group>"; };
		984A0C9C27C0DE5C004A0A96 /* epidemics */ = {isa = PBXFileReference; explicitFileType = "compiled.mach-o.executable"; includeInIndex = 0; path = epidemics; sourceTree = BUILT_PRODUCTS_DIR; };
		984A0C9F27C0DE5C004A0A96 /* main.cpp */ = {isa = PBXFileReference; lastKnownFileType = sourcecode.cpp.cpp; path = main.cpp; sourceTree = "<group>"; };
		984A0CA827C0DF3B004A0A96 /* stdafx.h */ = {isa = PBXFileReference; lastKnownFileType = sourcecode.c.h; path = stdafx.h; sourceTree = "<group>"; };
		984A0CA927C0DF56004A0A96 /* savingData.cpp */ = {isa = PBXFileReference; lastKnownFileType = sourcecode.cpp.cpp; path = savingData.cpp; sourceTree = "<group>"; };
		984A0CAA27C0DF56004A0A96 /* savingData.h */ = {isa = PBXFileReference; lastKnownFileType = sourcecode.c.h; path = savingData.h; sourceTree = "<group>"; };
		984A0CAD27C0DF81004A0A96 /* random.cpp */ = {isa = PBXFileReference; lastKnownFileType = sourcecode.cpp.cpp; path = random.cpp; sourceTree = "<group>"; };
		984A0CAE27C0DF81004A0A96 /* random.h */ = {isa = PBXFileReference; lastKnownFileType = sourcecode.c.h; path = random.h; sourceTree = "<group>"; };
		984A0CB427C0E0B7004A0A96 /* simulation.cpp */ = {isa = PBXFileReference; lastKnownFileType = sourcecode.cpp.cpp; path = simulation.cpp; sourceTree = "<group>"; };
		984A0CB527C0E0B7004A0A96 /* simulation.h */ = {isa = PBXFileReference; lastKnownFileType = sourcecode.c.h; path = simulation.h; sourceTree = "<group>"; };
		986328CC27D728F30029F31F /* types.h */ = {isa = PBXFileReference; fileEncoding = 4; lastKnownFileType = sourcecode.c.h; path = types.h; sourceTree = "<group>"; };
		98CE3E3A27C77B4D00C5D139 /* testing.h */ = {isa = PBXFileReference; lastKnownFileType = sourcecode.c.h; path = testing.h; sourceTree = "<group>"; };
		98CE3E3B27C77B6E00C5D139 /* testing.cpp */ = {isa = PBXFileReference; lastKnownFileType = sourcecode.cpp.cpp; path = testing.cpp; sourceTree = "<group>"; };
/* End PBXFileReference section */

/* Begin PBXFrameworksBuildPhase section */
		984A0C9927C0DE5C004A0A96 /* Frameworks */ = {
			isa = PBXFrameworksBuildPhase;
			buildActionMask = 2147483647;
			files = (
			);
			runOnlyForDeploymentPostprocessing = 0;
		};
/* End PBXFrameworksBuildPhase section */

/* Begin PBXGroup section */
		984A0C9327C0DE5C004A0A96 = {
			isa = PBXGroup;
			children = (
				984A0C9E27C0DE5C004A0A96 /* epidemics */,
				984A0C9D27C0DE5C004A0A96 /* Products */,
			);
			sourceTree = "<group>";
		};
		984A0C9D27C0DE5C004A0A96 /* Products */ = {
			isa = PBXGroup;
			children = (
				984A0C9C27C0DE5C004A0A96 /* epidemics */,
			);
			name = Products;
			sourceTree = "<group>";
		};
		984A0C9E27C0DE5C004A0A96 /* epidemics */ = {
			isa = PBXGroup;
			children = (
				986328CC27D728F30029F31F /* types.h */,
				984A0C9F27C0DE5C004A0A96 /* main.cpp */,
				98CE3E3A27C77B4D00C5D139 /* testing.h */,
				98CE3E3B27C77B6E00C5D139 /* testing.cpp */,
				984A0CB427C0E0B7004A0A96 /* simulation.cpp */,
				984A0CB527C0E0B7004A0A96 /* simulation.h */,
				984A0CA827C0DF3B004A0A96 /* stdafx.h */,
				984A0CA927C0DF56004A0A96 /* savingData.cpp */,
				984A0CAA27C0DF56004A0A96 /* savingData.h */,
				984A0CAD27C0DF81004A0A96 /* random.cpp */,
				984A0CAE27C0DF81004A0A96 /* random.h */,
				982A07D727D5BED900B4772A /* graph.cpp */,
				982A07D827D5BED900B4772A /* graph.h */,
			);
			path = epidemics;
			sourceTree = "<group>";
		};
/* End PBXGroup section */

/* Begin PBXNativeTarget section */
		984A0C9B27C0DE5C004A0A96 /* epidemics */ = {
			isa = PBXNativeTarget;
			buildConfigurationList = 984A0CA327C0DE5C004A0A96 /* Build configuration list for PBXNativeTarget "epidemics" */;
			buildPhases = (
				984A0C9827C0DE5C004A0A96 /* Sources */,
				984A0C9927C0DE5C004A0A96 /* Frameworks */,
				984A0C9A27C0DE5C004A0A96 /* CopyFiles */,
			);
			buildRules = (
			);
			dependencies = (
			);
			name = epidemics;
			productName = epidemics_update;
			productReference = 984A0C9C27C0DE5C004A0A96 /* epidemics */;
			productType = "com.apple.product-type.tool";
		};
/* End PBXNativeTarget section */

/* Begin PBXProject section */
		984A0C9427C0DE5C004A0A96 /* Project object */ = {
			isa = PBXProject;
			attributes = {
				LastUpgradeCheck = 1240;
				TargetAttributes = {
					984A0C9B27C0DE5C004A0A96 = {
						CreatedOnToolsVersion = 12.4;
					};
				};
			};
			buildConfigurationList = 984A0C9727C0DE5C004A0A96 /* Build configuration list for PBXProject "epidemics" */;
			compatibilityVersion = "Xcode 9.3";
			developmentRegion = en;
			hasScannedForEncodings = 0;
			knownRegions = (
				en,
				Base,
			);
			mainGroup = 984A0C9327C0DE5C004A0A96;
			productRefGroup = 984A0C9D27C0DE5C004A0A96 /* Products */;
			projectDirPath = "";
			projectRoot = "";
			targets = (
				984A0C9B27C0DE5C004A0A96 /* epidemics */,
			);
		};
/* End PBXProject section */

/* Begin PBXSourcesBuildPhase section */
		984A0C9827C0DE5C004A0A96 /* Sources */ = {
			isa = PBXSourcesBuildPhase;
			buildActionMask = 2147483647;
			files = (
				984A0CB627C0E0B7004A0A96 /* simulation.cpp in Sources */,
				984A0CAF27C0DF81004A0A96 /* random.cpp in Sources */,
				98CE3E3C27C77B6E00C5D139 /* testing.cpp in Sources */,
				982A07D927D5BED900B4772A /* graph.cpp in Sources */,
				984A0CA027C0DE5C004A0A96 /* main.cpp in Sources */,
				984A0CAB27C0DF56004A0A96 /* savingData.cpp in Sources */,
			);
			runOnlyForDeploymentPostprocessing = 0;
		};
/* End PBXSourcesBuildPhase section */

/* Begin XCBuildConfiguration section */
		984A0CA127C0DE5C004A0A96 /* Debug */ = {
			isa = XCBuildConfiguration;
			buildSettings = {
				ALWAYS_SEARCH_USER_PATHS = NO;
				CLANG_ANALYZER_NONNULL = YES;
				CLANG_ANALYZER_NUMBER_OBJECT_CONVERSION = YES_AGGRESSIVE;
				CLANG_CXX_LANGUAGE_STANDARD = "gnu++14";
				CLANG_CXX_LIBRARY = "libc++";
				CLANG_ENABLE_MODULES = YES;
				CLANG_ENABLE_OBJC_ARC = YES;
				CLANG_ENABLE_OBJC_WEAK = YES;
				CLANG_WARN_BLOCK_CAPTURE_AUTORELEASING = YES;
				CLANG_WARN_BOOL_CONVERSION = YES;
				CLANG_WARN_COMMA = YES;
				CLANG_WARN_CONSTANT_CONVERSION = YES;
				CLANG_WARN_DEPRECATED_OBJC_IMPLEMENTATIONS = YES;
				CLANG_WARN_DIRECT_OBJC_ISA_USAGE = YES_ERROR;
				CLANG_WARN_DOCUMENTATION_COMMENTS = YES;
				CLANG_WARN_EMPTY_BODY = YES;
				CLANG_WARN_ENUM_CONVERSION = YES;
				CLANG_WARN_INFINITE_RECURSION = YES;
				CLANG_WARN_INT_CONVERSION = YES;
				CLANG_WARN_NON_LITERAL_NULL_CONVERSION = YES;
				CLANG_WARN_OBJC_IMPLICIT_RETAIN_SELF = YES;
				CLANG_WARN_OBJC_LITERAL_CONVERSION = YES;
				CLANG_WARN_OBJC_ROOT_CLASS = YES_ERROR;
				CLANG_WARN_QUOTED_INCLUDE_IN_FRAMEWORK_HEADER = YES;
				CLANG_WARN_RANGE_LOOP_ANALYSIS = YES;
				CLANG_WARN_STRICT_PROTOTYPES = YES;
				CLANG_WARN_SUSPICIOUS_MOVE = YES;
				CLANG_WARN_UNGUARDED_AVAILABILITY = YES_AGGRESSIVE;
				CLANG_WARN_UNREACHABLE_CODE = YES;
				CLANG_WARN__DUPLICATE_METHOD_MATCH = YES;
				COPY_PHASE_STRIP = NO;
				DEBUG_INFORMATION_FORMAT = dwarf;
				ENABLE_STRICT_OBJC_MSGSEND = YES;
				ENABLE_TESTABILITY = YES;
				GCC_C_LANGUAGE_STANDARD = gnu11;
				GCC_DYNAMIC_NO_PIC = NO;
				GCC_NO_COMMON_BLOCKS = YES;
				GCC_OPTIMIZATION_LEVEL = 0;
				GCC_PREPROCESSOR_DEFINITIONS = (
					"DEBUG=1",
					"$(inherited)",
				);
				GCC_TREAT_WARNINGS_AS_ERRORS = YES;
				GCC_WARN_64_TO_32_BIT_CONVERSION = YES;
				GCC_WARN_ABOUT_RETURN_TYPE = YES_ERROR;
				GCC_WARN_UNDECLARED_SELECTOR = YES;
				GCC_WARN_UNINITIALIZED_AUTOS = YES_AGGRESSIVE;
				GCC_WARN_UNUSED_FUNCTION = YES;
				GCC_WARN_UNUSED_VARIABLE = YES;
				MACOSX_DEPLOYMENT_TARGET = 10.15;
				MTL_ENABLE_DEBUG_INFO = INCLUDE_SOURCE;
				MTL_FAST_MATH = YES;
				ONLY_ACTIVE_ARCH = YES;
				SDKROOT = macosx;
			};
			name = Debug;
		};
		984A0CA227C0DE5C004A0A96 /* Release */ = {
			isa = XCBuildConfiguration;
			buildSettings = {
				ALWAYS_SEARCH_USER_PATHS = NO;
				CLANG_ANALYZER_NONNULL = YES;
				CLANG_ANALYZER_NUMBER_OBJECT_CONVERSION = YES_AGGRESSIVE;
				CLANG_CXX_LANGUAGE_STANDARD = "gnu++14";
				CLANG_CXX_LIBRARY = "libc++";
				CLANG_ENABLE_MODULES = YES;
				CLANG_ENABLE_OBJC_ARC = YES;
				CLANG_ENABLE_OBJC_WEAK = YES;
				CLANG_WARN_BLOCK_CAPTURE_AUTORELEASING = YES;
				CLANG_WARN_BOOL_CONVERSION = YES;
				CLANG_WARN_COMMA = YES;
				CLANG_WARN_CONSTANT_CONVERSION = YES;
				CLANG_WARN_DEPRECATED_OBJC_IMPLEMENTATIONS = YES;
				CLANG_WARN_DIRECT_OBJC_ISA_USAGE = YES_ERROR;
				CLANG_WARN_DOCUMENTATION_COMMENTS = YES;
				CLANG_WARN_EMPTY_BODY = YES;
				CLANG_WARN_ENUM_CONVERSION = YES;
				CLANG_WARN_INFINITE_RECURSION = YES;
				CLANG_WARN_INT_CONVERSION = YES;
				CLANG_WARN_NON_LITERAL_NULL_CONVERSION = YES;
				CLANG_WARN_OBJC_IMPLICIT_RETAIN_SELF = YES;
				CLANG_WARN_OBJC_LITERAL_CONVERSION = YES;
				CLANG_WARN_OBJC_ROOT_CLASS = YES_ERROR;
				CLANG_WARN_QUOTED_INCLUDE_IN_FRAMEWORK_HEADER = YES;
				CLANG_WARN_RANGE_LOOP_ANALYSIS = YES;
				CLANG_WARN_STRICT_PROTOTYPES = YES;
				CLANG_WARN_SUSPICIOUS_MOVE = YES;
				CLANG_WARN_UNGUARDED_AVAILABILITY = YES_AGGRESSIVE;
				CLANG_WARN_UNREACHABLE_CODE = YES;
				CLANG_WARN__DUPLICATE_METHOD_MATCH = YES;
				COPY_PHASE_STRIP = NO;
				DEBUG_INFORMATION_FORMAT = "dwarf-with-dsym";
				ENABLE_NS_ASSERTIONS = NO;
				ENABLE_STRICT_OBJC_MSGSEND = YES;
				GCC_C_LANGUAGE_STANDARD = gnu11;
				GCC_NO_COMMON_BLOCKS = YES;
				GCC_TREAT_WARNINGS_AS_ERRORS = YES;
				GCC_WARN_64_TO_32_BIT_CONVERSION = YES;
				GCC_WARN_ABOUT_RETURN_TYPE = YES_ERROR;
				GCC_WARN_UNDECLARED_SELECTOR = YES;
				GCC_WARN_UNINITIALIZED_AUTOS = YES_AGGRESSIVE;
				GCC_WARN_UNUSED_FUNCTION = YES;
				GCC_WARN_UNUSED_VARIABLE = YES;
				MACOSX_DEPLOYMENT_TARGET = 10.15;
				MTL_ENABLE_DEBUG_INFO = NO;
				MTL_FAST_MATH = YES;
				SDKROOT = macosx;
			};
			name = Release;
		};
		984A0CA427C0DE5C004A0A96 /* Debug */ = {
			isa = XCBuildConfiguration;
			buildSettings = {
				CLANG_CXX_LANGUAGE_STANDARD = "c++17";
				CODE_SIGN_STYLE = Automatic;
				PRODUCT_NAME = "$(TARGET_NAME)";
			};
			name = Debug;
		};
		984A0CA527C0DE5C004A0A96 /* Release */ = {
			isa = XCBuildConfiguration;
			buildSettings = {
				CLANG_CXX_LANGUAGE_STANDARD = "c++17";
				CODE_SIGN_STYLE = Automatic;
				PRODUCT_NAME = "$(TARGET_NAME)";
			};
			name = Release;
		};
/* End XCBuildConfiguration section */

/* Begin XCConfigurationList section */
		984A0C9727C0DE5C004A0A96 /* Build configuration list for PBXProject "epidemics" */ = {
			isa = XCConfigurationList;
			buildConfigurations = (
				984A0CA127C0DE5C004A0A96 /* Debug */,
				984A0CA227C0DE5C004A0A96 /* Release */,
			);
			defaultConfigurationIsVisible = 0;
			defaultConfigurationName = Release;
		};
		984A0CA327C0DE5C004A0A96 /* Build configuration list for PBXNativeTarget "epidemics" */ = {
			isa = XCConfigurationList;
			buildConfigurations = (
				984A0CA427C0DE5C004A0A96 /* Debug */,
				984A0CA527C0DE5C004A0A96 /* Release */,
			);
			defaultConfigurationIsVisible = 0;
			defaultConfigurationName = Release;
		};
/* End XCConfigurationList section */
	};
	rootObject = 984A0C9427C0DE5C004A0A96 /* Project object */;
}
