// !$*UTF8*$!
{
	archiveVersion = 1;
	classes = {
	};
	objectVersion = 53;
	objects = {

/* Begin PBXBuildFile section */
		982A07D927D5BED900B4772A /* graph.cpp in Sources */ = {isa = PBXBuildFile; fileRef = 982A07D727D5BED900B4772A /* graph.cpp */; };
		984A0CA027C0DE5C004A0A96 /* main.cpp in Sources */ = {isa = PBXBuildFile; fileRef = 984A0C9F27C0DE5C004A0A96 /* main.cpp */; };
		984A0CAB27C0DF56004A0A96 /* analysis.cpp in Sources */ = {isa = PBXBuildFile; fileRef = 984A0CA927C0DF56004A0A96 /* analysis.cpp */; };
		984A0CAF27C0DF81004A0A96 /* random.cpp in Sources */ = {isa = PBXBuildFile; fileRef = 984A0CAD27C0DF81004A0A96 /* random.cpp */; };
		98B96F7228111BAC00A78600 /* NextReaction.cpp in Sources */ = {isa = PBXBuildFile; fileRef = 98B96F7028111BAC00A78600 /* NextReaction.cpp */; };
		98B96F7328111BAC00A78600 /* NextReaction.cpp in Sources */ = {isa = PBXBuildFile; fileRef = 98B96F7028111BAC00A78600 /* NextReaction.cpp */; };
		98B96F7C28111BB800A78600 /* nMGA.cpp in Sources */ = {isa = PBXBuildFile; fileRef = 98B96F7A28111BB800A78600 /* nMGA.cpp */; };
		98B96F7D28111BB800A78600 /* nMGA.cpp in Sources */ = {isa = PBXBuildFile; fileRef = 98B96F7A28111BB800A78600 /* nMGA.cpp */; };
		98CFFC0327F4696F00A6E322 /* utility.cpp in Sources */ = {isa = PBXBuildFile; fileRef = 98CFFC0227F4696F00A6E322 /* utility.cpp */; };
		98CFFC0427F4696F00A6E322 /* utility.cpp in Sources */ = {isa = PBXBuildFile; fileRef = 98CFFC0227F4696F00A6E322 /* utility.cpp */; };
		F91C25E129113CA900FFAE9C /* libboost_system.a in Frameworks */ = {isa = PBXBuildFile; fileRef = F91C25DD29113CA800FFAE9C /* libboost_system.a */; };
		F91C25E529113CA900FFAE9C /* libboost_iostreams.a in Frameworks */ = {isa = PBXBuildFile; fileRef = F91C25DF29113CA900FFAE9C /* libboost_iostreams.a */; };
		F91C25E72911401C00FFAE9C /* libboost_filesystem.a in Frameworks */ = {isa = PBXBuildFile; fileRef = F91C25DE29113CA800FFAE9C /* libboost_filesystem.a */; };
		F921EC872952A7BF00667339 /* algorithm.cpp in Sources */ = {isa = PBXBuildFile; fileRef = F921EC862952A7BF00667339 /* algorithm.cpp */; };
		F921EC882952A7BF00667339 /* algorithm.cpp in Sources */ = {isa = PBXBuildFile; fileRef = F921EC862952A7BF00667339 /* algorithm.cpp */; };
		F933EDF929D401D200C39FE8 /* scale_free.cpp in Sources */ = {isa = PBXBuildFile; fileRef = F933EDF829D401D200C39FE8 /* scale_free.cpp */; };
		F93F5D8F299238F300775CFA /* customtrajectory.cpp in Sources */ = {isa = PBXBuildFile; fileRef = F93F5D8C299238F300775CFA /* customtrajectory.cpp */; };
		F93F5D90299238F300775CFA /* trajectory.cpp in Sources */ = {isa = PBXBuildFile; fileRef = F93F5D8D299238F300775CFA /* trajectory.cpp */; };
		F93F5D91299238F300775CFA /* average.cpp in Sources */ = {isa = PBXBuildFile; fileRef = F93F5D8E299238F300775CFA /* average.cpp */; };
		F946F0412A4408DE0060FA58 /* regir.cpp in Sources */ = {isa = PBXBuildFile; fileRef = F92EBA302A1CAE3300D98D09 /* regir.cpp */; };
		F946F0432A444A910060FA58 /* nmga.cpp in Sources */ = {isa = PBXBuildFile; fileRef = F99299292910E2B3001432FD /* nmga.cpp */; };
		F946F0442A444BC20060FA58 /* graph.cpp in Sources */ = {isa = PBXBuildFile; fileRef = F99D7A9B27E21CC000200C18 /* graph.cpp */; };
		F946F0452A444BC20060FA58 /* dynamic_nextreaction.cpp in Sources */ = {isa = PBXBuildFile; fileRef = F933EDF629D3FD1400C39FE8 /* dynamic_nextreaction.cpp */; };
		F946F0462A444BC20060FA58 /* nextreaction.cpp in Sources */ = {isa = PBXBuildFile; fileRef = F9ADCB9A28128A6D00AEB3C0 /* nextreaction.cpp */; };
		F946F0472A444BC20060FA58 /* random.cpp in Sources */ = {isa = PBXBuildFile; fileRef = F946A5E0281255F2000668F9 /* random.cpp */; };
		F946F0482A444BC20060FA58 /* utility.cpp in Sources */ = {isa = PBXBuildFile; fileRef = F90EC44129C422DD000294C7 /* utility.cpp */; };
		F946F0492A444BC20060FA58 /* brownian_proximity_graph.cpp in Sources */ = {isa = PBXBuildFile; fileRef = F910EA7429F9C92700CB0F4A /* brownian_proximity_graph.cpp */; };
		F946F04A2A444BC20060FA58 /* dynamic_graph.cpp in Sources */ = {isa = PBXBuildFile; fileRef = F9EACDE4299E7904009C2002 /* dynamic_graph.cpp */; };
		F95E340B2924A79700DBCE94 /* benchmark_priorityqueue.cpp in Sources */ = {isa = PBXBuildFile; fileRef = F95E340A2924A79700DBCE94 /* benchmark_priorityqueue.cpp */; };
		F992992C2910E2B3001432FD /* plot.cpp in Sources */ = {isa = PBXBuildFile; fileRef = F99299272910E2B3001432FD /* plot.cpp */; };
		F9A08B1E29F7B28200CF3432 /* brownian_proximity_graph.cpp in Sources */ = {isa = PBXBuildFile; fileRef = F9C0D33429F6956400A99D46 /* brownian_proximity_graph.cpp */; };
		F9A4651E2923B2B700393E90 /* benchmark.cpp in Sources */ = {isa = PBXBuildFile; fileRef = F9A4651B2923B2B700393E90 /* benchmark.cpp */; };
		F9A4651F2923B2B700393E90 /* profile.cpp in Sources */ = {isa = PBXBuildFile; fileRef = F9A4651C2923B2B700393E90 /* profile.cpp */; };
		F9A465202923B2B700393E90 /* sis_meanfield_gamma_gamma.cpp in Sources */ = {isa = PBXBuildFile; fileRef = F9A4651D2923B2B700393E90 /* sis_meanfield_gamma_gamma.cpp */; };
		F9C0D33629F6956400A99D46 /* brownian_proximity_graph.cpp in Sources */ = {isa = PBXBuildFile; fileRef = F9C0D33429F6956400A99D46 /* brownian_proximity_graph.cpp */; };
		F9CFD98A299B55A90078FD70 /* dynamic_graph.cpp in Sources */ = {isa = PBXBuildFile; fileRef = F9CFD988299B55A90078FD70 /* dynamic_graph.cpp */; };
		F9CFD98B299B55A90078FD70 /* dynamic_graph.cpp in Sources */ = {isa = PBXBuildFile; fileRef = F9CFD988299B55A90078FD70 /* dynamic_graph.cpp */; };
		F9D26B8927E229AB005A272D /* main.cpp in Sources */ = {isa = PBXBuildFile; fileRef = F99D7A9C27E21CC000200C18 /* main.cpp */; };
		F9D26B8C27E229B9005A272D /* random.cpp in Sources */ = {isa = PBXBuildFile; fileRef = 984A0CAD27C0DF81004A0A96 /* random.cpp */; };
		F9D26B8D27E229BA005A272D /* graph.cpp in Sources */ = {isa = PBXBuildFile; fileRef = 982A07D727D5BED900B4772A /* graph.cpp */; };
		F9D26B8E27E229BA005A272D /* analysis.cpp in Sources */ = {isa = PBXBuildFile; fileRef = 984A0CA927C0DF56004A0A96 /* analysis.cpp */; };
		F9D26B8F27E22A31005A272D /* libtestrunner.a in Frameworks */ = {isa = PBXBuildFile; fileRef = F9D26B6C27E22410005A272D /* libtestrunner.a */; };
		F9D484BB2ADF95F90088A946 /* custered_configuration_model_serrano.cpp in Sources */ = {isa = PBXBuildFile; fileRef = F9D484B92ADF953A0088A946 /* custered_configuration_model_serrano.cpp */; };
		F9E1264A291CB5F100C9A221 /* NextReactionMeanField.cpp in Sources */ = {isa = PBXBuildFile; fileRef = F9E12648291CB5F100C9A221 /* NextReactionMeanField.cpp */; };
		F9E1264B291CB5F100C9A221 /* NextReactionMeanField.cpp in Sources */ = {isa = PBXBuildFile; fileRef = F9E12648291CB5F100C9A221 /* NextReactionMeanField.cpp */; };
		F9EDD82F2A1C90F5003B3F31 /* REGIR.cpp in Sources */ = {isa = PBXBuildFile; fileRef = F9EDD82D2A1C90F5003B3F31 /* REGIR.cpp */; };
		F9EDD8302A1C90F5003B3F31 /* REGIR.cpp in Sources */ = {isa = PBXBuildFile; fileRef = F9EDD82D2A1C90F5003B3F31 /* REGIR.cpp */; };
/* End PBXBuildFile section */

/* Begin PBXCopyFilesBuildPhase section */
		984A0C9A27C0DE5C004A0A96 /* CopyFiles */ = {
			isa = PBXCopyFilesBuildPhase;
			buildActionMask = 2147483647;
			dstPath = /usr/share/man/man1/;
			dstSubfolderSpec = 0;
			files = (
			);
			runOnlyForDeploymentPostprocessing = 1;
		};
		F99D7AA727E21DD400200C18 /* CopyFiles */ = {
			isa = PBXCopyFilesBuildPhase;
			buildActionMask = 2147483647;
			dstPath = /usr/share/man/man1/;
			dstSubfolderSpec = 0;
			files = (
			);
			runOnlyForDeploymentPostprocessing = 1;
		};
/* End PBXCopyFilesBuildPhase section */

/* Begin PBXFileReference section */
		982A07D727D5BED900B4772A /* graph.cpp */ = {isa = PBXFileReference; lastKnownFileType = sourcecode.cpp.cpp; path = graph.cpp; sourceTree = "<group>"; };
		982A07D827D5BED900B4772A /* graph.h */ = {isa = PBXFileReference; lastKnownFileType = sourcecode.c.h; path = graph.h; sourceTree = "<group>"; };
		984A0C9C27C0DE5C004A0A96 /* simulator */ = {isa = PBXFileReference; explicitFileType = "compiled.mach-o.executable"; includeInIndex = 0; path = simulator; sourceTree = BUILT_PRODUCTS_DIR; };
		984A0C9F27C0DE5C004A0A96 /* main.cpp */ = {isa = PBXFileReference; lastKnownFileType = sourcecode.cpp.cpp; path = main.cpp; sourceTree = "<group>"; };
		984A0CA827C0DF3B004A0A96 /* stdafx.h */ = {isa = PBXFileReference; lastKnownFileType = sourcecode.c.h; path = stdafx.h; sourceTree = "<group>"; };
		984A0CA927C0DF56004A0A96 /* analysis.cpp */ = {isa = PBXFileReference; lastKnownFileType = sourcecode.cpp.cpp; path = analysis.cpp; sourceTree = "<group>"; };
		984A0CAA27C0DF56004A0A96 /* analysis.h */ = {isa = PBXFileReference; lastKnownFileType = sourcecode.c.h; path = analysis.h; sourceTree = "<group>"; };
		984A0CAD27C0DF81004A0A96 /* random.cpp */ = {isa = PBXFileReference; lastKnownFileType = sourcecode.cpp.cpp; path = random.cpp; sourceTree = "<group>"; };
		984A0CAE27C0DF81004A0A96 /* random.h */ = {isa = PBXFileReference; lastKnownFileType = sourcecode.c.h; path = random.h; sourceTree = "<group>"; };
		986328CC27D728F30029F31F /* types.h */ = {isa = PBXFileReference; fileEncoding = 4; lastKnownFileType = sourcecode.c.h; path = types.h; sourceTree = "<group>"; };
		98B96F7028111BAC00A78600 /* NextReaction.cpp */ = {isa = PBXFileReference; lastKnownFileType = sourcecode.cpp.cpp; path = NextReaction.cpp; sourceTree = "<group>"; };
		98B96F7128111BAC00A78600 /* NextReaction.h */ = {isa = PBXFileReference; lastKnownFileType = sourcecode.c.h; path = NextReaction.h; sourceTree = "<group>"; };
		98B96F7A28111BB800A78600 /* nMGA.cpp */ = {isa = PBXFileReference; lastKnownFileType = sourcecode.cpp.cpp; path = nMGA.cpp; sourceTree = "<group>"; };
		98B96F7B28111BB800A78600 /* nMGA.h */ = {isa = PBXFileReference; lastKnownFileType = sourcecode.c.h; path = nMGA.h; sourceTree = "<group>"; };
		98CFFC0127F4696F00A6E322 /* utility.h */ = {isa = PBXFileReference; fileEncoding = 4; lastKnownFileType = sourcecode.c.h; path = utility.h; sourceTree = "<group>"; };
		98CFFC0227F4696F00A6E322 /* utility.cpp */ = {isa = PBXFileReference; fileEncoding = 4; lastKnownFileType = sourcecode.cpp.cpp; path = utility.cpp; sourceTree = "<group>"; };
		F90EC44129C422DD000294C7 /* utility.cpp */ = {isa = PBXFileReference; lastKnownFileType = sourcecode.cpp.cpp; path = utility.cpp; sourceTree = "<group>"; };
		F910EA7429F9C92700CB0F4A /* brownian_proximity_graph.cpp */ = {isa = PBXFileReference; lastKnownFileType = sourcecode.cpp.cpp; path = brownian_proximity_graph.cpp; sourceTree = "<group>"; };
		F91C25DD29113CA800FFAE9C /* libboost_system.a */ = {isa = PBXFileReference; lastKnownFileType = archive.ar; name = libboost_system.a; path = lib/libboost_system.a; sourceTree = BOOST_DIR; };
		F91C25DE29113CA800FFAE9C /* libboost_filesystem.a */ = {isa = PBXFileReference; lastKnownFileType = archive.ar; name = libboost_filesystem.a; path = lib/libboost_filesystem.a; sourceTree = BOOST_DIR; };
		F91C25DF29113CA900FFAE9C /* libboost_iostreams.a */ = {isa = PBXFileReference; lastKnownFileType = archive.ar; name = libboost_iostreams.a; path = lib/libboost_iostreams.a; sourceTree = BOOST_DIR; };
		F91C25E8291140B000FFAE9C /* permutation.h */ = {isa = PBXFileReference; fileEncoding = 4; lastKnownFileType = sourcecode.c.h; path = permutation.h; sourceTree = "<group>"; };
		F92123EE2902464200376961 /* algorithm.h */ = {isa = PBXFileReference; lastKnownFileType = sourcecode.c.h; path = algorithm.h; sourceTree = "<group>"; };
		F92123EF2902464200376961 /* matplotlibcpp.h */ = {isa = PBXFileReference; lastKnownFileType = sourcecode.c.h; path = matplotlibcpp.h; sourceTree = "<group>"; };
		F921EC862952A7BF00667339 /* algorithm.cpp */ = {isa = PBXFileReference; lastKnownFileType = sourcecode.cpp.cpp; path = algorithm.cpp; sourceTree = "<group>"; };
		F92EBA302A1CAE3300D98D09 /* regir.cpp */ = {isa = PBXFileReference; fileEncoding = 4; lastKnownFileType = sourcecode.cpp.cpp; path = regir.cpp; sourceTree = "<group>"; };
		F933EDF629D3FD1400C39FE8 /* dynamic_nextreaction.cpp */ = {isa = PBXFileReference; lastKnownFileType = sourcecode.cpp.cpp; path = dynamic_nextreaction.cpp; sourceTree = "<group>"; };
		F933EDF829D401D200C39FE8 /* scale_free.cpp */ = {isa = PBXFileReference; fileEncoding = 4; lastKnownFileType = sourcecode.cpp.cpp; path = scale_free.cpp; sourceTree = "<group>"; };
		F93F5D8C299238F300775CFA /* customtrajectory.cpp */ = {isa = PBXFileReference; fileEncoding = 4; lastKnownFileType = sourcecode.cpp.cpp; path = customtrajectory.cpp; sourceTree = "<group>"; };
		F93F5D8D299238F300775CFA /* trajectory.cpp */ = {isa = PBXFileReference; fileEncoding = 4; lastKnownFileType = sourcecode.cpp.cpp; path = trajectory.cpp; sourceTree = "<group>"; };
		F93F5D8E299238F300775CFA /* average.cpp */ = {isa = PBXFileReference; fileEncoding = 4; lastKnownFileType = sourcecode.cpp.cpp; path = average.cpp; sourceTree = "<group>"; };
		F946A5E0281255F2000668F9 /* random.cpp */ = {isa = PBXFileReference; lastKnownFileType = sourcecode.cpp.cpp; path = random.cpp; sourceTree = "<group>"; };
		F95E340A2924A79700DBCE94 /* benchmark_priorityqueue.cpp */ = {isa = PBXFileReference; fileEncoding = 4; lastKnownFileType = sourcecode.cpp.cpp; path = benchmark_priorityqueue.cpp; sourceTree = "<group>"; };
		F95E34152925088200DBCE94 /* prio_queue.hpp */ = {isa = PBXFileReference; fileEncoding = 4; lastKnownFileType = sourcecode.cpp.h; path = prio_queue.hpp; sourceTree = "<group>"; };
		F9906FA22CC2264F00ADC766 /* statistics.h */ = {isa = PBXFileReference; lastKnownFileType = sourcecode.c.h; path = statistics.h; sourceTree = "<group>"; };
		F99299252910E2B3001432FD /* simulate.h */ = {isa = PBXFileReference; fileEncoding = 4; lastKnownFileType = sourcecode.c.h; path = simulate.h; sourceTree = "<group>"; };
		F99299262910E2B3001432FD /* gnuplot-iostream.h */ = {isa = PBXFileReference; fileEncoding = 4; lastKnownFileType = sourcecode.c.h; path = "gnuplot-iostream.h"; sourceTree = "<group>"; };
		F99299272910E2B3001432FD /* plot.cpp */ = {isa = PBXFileReference; fileEncoding = 4; lastKnownFileType = sourcecode.cpp.cpp; path = plot.cpp; sourceTree = "<group>"; };
		F99299282910E2B3001432FD /* plot.h */ = {isa = PBXFileReference; fileEncoding = 4; lastKnownFileType = sourcecode.c.h; path = plot.h; sourceTree = "<group>"; };
		F99299292910E2B3001432FD /* nmga.cpp */ = {isa = PBXFileReference; fileEncoding = 4; lastKnownFileType = sourcecode.cpp.cpp; path = nmga.cpp; sourceTree = "<group>"; };
		F992992A2910E2B3001432FD /* analytical.h */ = {isa = PBXFileReference; fileEncoding = 4; lastKnownFileType = sourcecode.c.h; path = analytical.h; sourceTree = "<group>"; };
		F992992B2910E2B3001432FD /* parallel.h */ = {isa = PBXFileReference; fileEncoding = 4; lastKnownFileType = sourcecode.c.h; path = parallel.h; sourceTree = "<group>"; };
		F99D7A9827E21CC000200C18 /* catch.hpp */ = {isa = PBXFileReference; fileEncoding = 4; lastKnownFileType = sourcecode.cpp.h; path = catch.hpp; sourceTree = "<group>"; };
		F99D7A9A27E21CC000200C18 /* stdafx.h */ = {isa = PBXFileReference; fileEncoding = 4; lastKnownFileType = sourcecode.c.h; path = stdafx.h; sourceTree = "<group>"; };
		F99D7A9B27E21CC000200C18 /* graph.cpp */ = {isa = PBXFileReference; fileEncoding = 4; lastKnownFileType = sourcecode.cpp.cpp; path = graph.cpp; sourceTree = "<group>"; };
		F99D7A9C27E21CC000200C18 /* main.cpp */ = {isa = PBXFileReference; fileEncoding = 4; lastKnownFileType = sourcecode.cpp.cpp; path = main.cpp; sourceTree = "<group>"; };
		F99D7AAB27E21DD400200C18 /* tests */ = {isa = PBXFileReference; explicitFileType = "compiled.mach-o.executable"; includeInIndex = 0; path = tests; sourceTree = BUILT_PRODUCTS_DIR; };
		F9A4651B2923B2B700393E90 /* benchmark.cpp */ = {isa = PBXFileReference; fileEncoding = 4; lastKnownFileType = sourcecode.cpp.cpp; path = benchmark.cpp; sourceTree = "<group>"; };
		F9A4651C2923B2B700393E90 /* profile.cpp */ = {isa = PBXFileReference; fileEncoding = 4; lastKnownFileType = sourcecode.cpp.cpp; path = profile.cpp; sourceTree = "<group>"; };
		F9A4651D2923B2B700393E90 /* sis_meanfield_gamma_gamma.cpp */ = {isa = PBXFileReference; fileEncoding = 4; lastKnownFileType = sourcecode.cpp.cpp; path = sis_meanfield_gamma_gamma.cpp; sourceTree = "<group>"; };
		F9ADCB9A28128A6D00AEB3C0 /* nextreaction.cpp */ = {isa = PBXFileReference; fileEncoding = 4; lastKnownFileType = sourcecode.cpp.cpp; path = nextreaction.cpp; sourceTree = "<group>"; };
		F9C0D33429F6956400A99D46 /* brownian_proximity_graph.cpp */ = {isa = PBXFileReference; fileEncoding = 4; lastKnownFileType = sourcecode.cpp.cpp; name = brownian_proximity_graph.cpp; path = epidemics/brownian_proximity_graph.cpp; sourceTree = SOURCE_ROOT; };
		F9C0D33529F6956400A99D46 /* brownian_proximity_graph.h */ = {isa = PBXFileReference; fileEncoding = 4; lastKnownFileType = sourcecode.c.h; name = brownian_proximity_graph.h; path = epidemics/brownian_proximity_graph.h; sourceTree = SOURCE_ROOT; };
		F9CFD987299B53DD0078FD70 /* dyndist */ = {isa = PBXFileReference; lastKnownFileType = folder; name = dyndist; path = dyndist/dyndist; sourceTree = "<group>"; };
		F9CFD988299B55A90078FD70 /* dynamic_graph.cpp */ = {isa = PBXFileReference; lastKnownFileType = sourcecode.cpp.cpp; path = dynamic_graph.cpp; sourceTree = "<group>"; };
		F9CFD989299B55A90078FD70 /* dynamic_graph.h */ = {isa = PBXFileReference; lastKnownFileType = sourcecode.c.h; path = dynamic_graph.h; sourceTree = "<group>"; };
		F9D26B6C27E22410005A272D /* libtestrunner.a */ = {isa = PBXFileReference; explicitFileType = archive.ar; includeInIndex = 0; path = libtestrunner.a; sourceTree = BUILT_PRODUCTS_DIR; };
		F9D484B92ADF953A0088A946 /* custered_configuration_model_serrano.cpp */ = {isa = PBXFileReference; lastKnownFileType = sourcecode.cpp.cpp; path = custered_configuration_model_serrano.cpp; sourceTree = "<group>"; };
		F9E12648291CB5F100C9A221 /* NextReactionMeanField.cpp */ = {isa = PBXFileReference; fileEncoding = 4; lastKnownFileType = sourcecode.cpp.cpp; path = NextReactionMeanField.cpp; sourceTree = "<group>"; };
		F9E12649291CB5F100C9A221 /* NextReactionMeanField.h */ = {isa = PBXFileReference; fileEncoding = 4; lastKnownFileType = sourcecode.c.h; path = NextReactionMeanField.h; sourceTree = "<group>"; };
		F9EACDE4299E7904009C2002 /* dynamic_graph.cpp */ = {isa = PBXFileReference; lastKnownFileType = sourcecode.cpp.cpp; path = dynamic_graph.cpp; sourceTree = "<group>"; };
		F9EDD82D2A1C90F5003B3F31 /* REGIR.cpp */ = {isa = PBXFileReference; fileEncoding = 4; lastKnownFileType = sourcecode.cpp.cpp; path = REGIR.cpp; sourceTree = "<group>"; };
		F9EDD82E2A1C90F5003B3F31 /* REGIR.h */ = {isa = PBXFileReference; fileEncoding = 4; lastKnownFileType = sourcecode.c.h; path = REGIR.h; sourceTree = "<group>"; };
/* End PBXFileReference section */

/* Begin PBXFrameworksBuildPhase section */
		984A0C9927C0DE5C004A0A96 /* Frameworks */ = {
			isa = PBXFrameworksBuildPhase;
			buildActionMask = 2147483647;
			files = (
			);
			runOnlyForDeploymentPostprocessing = 0;
		};
		F99D7AA627E21DD400200C18 /* Frameworks */ = {
			isa = PBXFrameworksBuildPhase;
			buildActionMask = 2147483647;
			files = (
				F9D26B8F27E22A31005A272D /* libtestrunner.a in Frameworks */,
				F91C25E529113CA900FFAE9C /* libboost_iostreams.a in Frameworks */,
				F91C25E72911401C00FFAE9C /* libboost_filesystem.a in Frameworks */,
				F91C25E129113CA900FFAE9C /* libboost_system.a in Frameworks */,
			);
			runOnlyForDeploymentPostprocessing = 0;
		};
		F9D26B6A27E22410005A272D /* Frameworks */ = {
			isa = PBXFrameworksBuildPhase;
			buildActionMask = 2147483647;
			files = (
			);
			runOnlyForDeploymentPostprocessing = 0;
		};
/* End PBXFrameworksBuildPhase section */

/* Begin PBXGroup section */
		984A0C9327C0DE5C004A0A96 = {
			isa = PBXGroup;
			children = (
				984A0C9E27C0DE5C004A0A96 /* epidemics */,
				F95E340E2925088200DBCE94 /* ext */,
				984A0C9D27C0DE5C004A0A96 /* Products */,
				F9D26B7727E2242B005A272D /* Frameworks */,
			);
			sourceTree = "<group>";
		};
		984A0C9D27C0DE5C004A0A96 /* Products */ = {
			isa = PBXGroup;
			children = (
				984A0C9C27C0DE5C004A0A96 /* simulator */,
				F99D7AAB27E21DD400200C18 /* tests */,
				F9D26B6C27E22410005A272D /* libtestrunner.a */,
			);
			name = Products;
			sourceTree = "<group>";
		};
		984A0C9E27C0DE5C004A0A96 /* epidemics */ = {
			isa = PBXGroup;
			children = (
				F9A4651A2923B2B700393E90 /* programs */,
				984A0CA827C0DF3B004A0A96 /* stdafx.h */,
				986328CC27D728F30029F31F /* types.h */,
				98CFFC0227F4696F00A6E322 /* utility.cpp */,
				98CFFC0127F4696F00A6E322 /* utility.h */,
				F91C25E8291140B000FFAE9C /* permutation.h */,
				F921EC862952A7BF00667339 /* algorithm.cpp */,
				F92123EE2902464200376961 /* algorithm.h */,
				F9E12648291CB5F100C9A221 /* NextReactionMeanField.cpp */,
				F9E12649291CB5F100C9A221 /* NextReactionMeanField.h */,
				98B96F7028111BAC00A78600 /* NextReaction.cpp */,
				98B96F7128111BAC00A78600 /* NextReaction.h */,
				98B96F7A28111BB800A78600 /* nMGA.cpp */,
				98B96F7B28111BB800A78600 /* nMGA.h */,
				F9EDD82D2A1C90F5003B3F31 /* REGIR.cpp */,
				F9EDD82E2A1C90F5003B3F31 /* REGIR.h */,
				984A0CA927C0DF56004A0A96 /* analysis.cpp */,
				984A0CAA27C0DF56004A0A96 /* analysis.h */,
				984A0CAD27C0DF81004A0A96 /* random.cpp */,
				984A0CAE27C0DF81004A0A96 /* random.h */,
				982A07D727D5BED900B4772A /* graph.cpp */,
				982A07D827D5BED900B4772A /* graph.h */,
				F9CFD988299B55A90078FD70 /* dynamic_graph.cpp */,
				F9CFD989299B55A90078FD70 /* dynamic_graph.h */,
				F9C0D33429F6956400A99D46 /* brownian_proximity_graph.cpp */,
				F9C0D33529F6956400A99D46 /* brownian_proximity_graph.h */,
				F92123EF2902464200376961 /* matplotlibcpp.h */,
				984A0C9F27C0DE5C004A0A96 /* main.cpp */,
				F99D7A9927E21CC000200C18 /* tests */,
				F99D7A9727E21CC000200C18 /* catch */,
			);
			path = epidemics;
			sourceTree = "<group>";
		};
		F95E340E2925088200DBCE94 /* ext */ = {
			isa = PBXGroup;
			children = (
				F9CFD987299B53DD0078FD70 /* dyndist */,
				F95E340F2925088200DBCE94 /* prio_queue */,
			);
			path = ext;
			sourceTree = "<group>";
		};
		F95E340F2925088200DBCE94 /* prio_queue */ = {
			isa = PBXGroup;
			children = (
				F95E34152925088200DBCE94 /* prio_queue.hpp */,
			);
			path = prio_queue;
			sourceTree = "<group>";
		};
		F99D7A9727E21CC000200C18 /* catch */ = {
			isa = PBXGroup;
			children = (
				F99D7A9827E21CC000200C18 /* catch.hpp */,
			);
			path = catch;
			sourceTree = "<group>";
		};
		F99D7A9927E21CC000200C18 /* tests */ = {
			isa = PBXGroup;
			children = (
				F92EBA302A1CAE3300D98D09 /* regir.cpp */,
				F90EC44129C422DD000294C7 /* utility.cpp */,
				F9ADCB9A28128A6D00AEB3C0 /* nextreaction.cpp */,
				F933EDF629D3FD1400C39FE8 /* dynamic_nextreaction.cpp */,
				F99299292910E2B3001432FD /* nmga.cpp */,
				F946A5E0281255F2000668F9 /* random.cpp */,
				F99D7A9B27E21CC000200C18 /* graph.cpp */,
				F9EACDE4299E7904009C2002 /* dynamic_graph.cpp */,
				F910EA7429F9C92700CB0F4A /* brownian_proximity_graph.cpp */,
				F99D7A9A27E21CC000200C18 /* stdafx.h */,
				F9906FA22CC2264F00ADC766 /* statistics.h */,
				F992992A2910E2B3001432FD /* analytical.h */,
				F99299262910E2B3001432FD /* gnuplot-iostream.h */,
				F992992B2910E2B3001432FD /* parallel.h */,
				F99299282910E2B3001432FD /* plot.h */,
				F99299272910E2B3001432FD /* plot.cpp */,
				F99299252910E2B3001432FD /* simulate.h */,
				F99D7A9C27E21CC000200C18 /* main.cpp */,
			);
			path = tests;
			sourceTree = "<group>";
		};
		F9A4651A2923B2B700393E90 /* programs */ = {
			isa = PBXGroup;
			children = (
				F933EDF829D401D200C39FE8 /* scale_free.cpp */,
				F93F5D8E299238F300775CFA /* average.cpp */,
				F93F5D8C299238F300775CFA /* customtrajectory.cpp */,
				F93F5D8D299238F300775CFA /* trajectory.cpp */,
				F95E340A2924A79700DBCE94 /* benchmark_priorityqueue.cpp */,
				F9A4651B2923B2B700393E90 /* benchmark.cpp */,
				F9A4651C2923B2B700393E90 /* profile.cpp */,
				F9A4651D2923B2B700393E90 /* sis_meanfield_gamma_gamma.cpp */,
				F9D484B92ADF953A0088A946 /* custered_configuration_model_serrano.cpp */,
			);
			path = programs;
			sourceTree = "<group>";
		};
		F9D26B7727E2242B005A272D /* Frameworks */ = {
			isa = PBXGroup;
			children = (
				F91C25DE29113CA800FFAE9C /* libboost_filesystem.a */,
				F91C25DF29113CA900FFAE9C /* libboost_iostreams.a */,
				F91C25DD29113CA800FFAE9C /* libboost_system.a */,
			);
			name = Frameworks;
			sourceTree = "<group>";
		};
/* End PBXGroup section */

/* Begin PBXHeadersBuildPhase section */
		F9D26B6827E22410005A272D /* Headers */ = {
			isa = PBXHeadersBuildPhase;
			buildActionMask = 2147483647;
			files = (
			);
			runOnlyForDeploymentPostprocessing = 0;
		};
/* End PBXHeadersBuildPhase section */

/* Begin PBXNativeTarget section */
		984A0C9B27C0DE5C004A0A96 /* simulator */ = {
			isa = PBXNativeTarget;
			buildConfigurationList = 984A0CA327C0DE5C004A0A96 /* Build configuration list for PBXNativeTarget "simulator" */;
			buildPhases = (
				984A0C9827C0DE5C004A0A96 /* Sources */,
				984A0C9927C0DE5C004A0A96 /* Frameworks */,
				984A0C9A27C0DE5C004A0A96 /* CopyFiles */,
			);
			buildRules = (
			);
			dependencies = (
			);
			name = simulator;
			productName = epidemics_update;
			productReference = 984A0C9C27C0DE5C004A0A96 /* simulator */;
			productType = "com.apple.product-type.tool";
		};
		F99D7A9F27E21DD400200C18 /* tests */ = {
			isa = PBXNativeTarget;
			buildConfigurationList = F99D7AA827E21DD400200C18 /* Build configuration list for PBXNativeTarget "tests" */;
			buildPhases = (
				F99D7AA027E21DD400200C18 /* Sources */,
				F99D7AA627E21DD400200C18 /* Frameworks */,
				F99D7AA727E21DD400200C18 /* CopyFiles */,
			);
			buildRules = (
			);
			dependencies = (
			);
			name = tests;
			productName = epidemics_update;
			productReference = F99D7AAB27E21DD400200C18 /* tests */;
			productType = "com.apple.product-type.tool";
		};
		F9D26B6B27E22410005A272D /* testrunner */ = {
			isa = PBXNativeTarget;
			buildConfigurationList = F9D26B7427E22410005A272D /* Build configuration list for PBXNativeTarget "testrunner" */;
			buildPhases = (
				F9D26B6827E22410005A272D /* Headers */,
				F9D26B6927E22410005A272D /* Sources */,
				F9D26B6A27E22410005A272D /* Frameworks */,
			);
			buildRules = (
			);
			dependencies = (
			);
			name = testrunner;
			productName = tests;
			productReference = F9D26B6C27E22410005A272D /* libtestrunner.a */;
			productType = "com.apple.product-type.library.static";
		};
/* End PBXNativeTarget section */

/* Begin PBXProject section */
		984A0C9427C0DE5C004A0A96 /* Project object */ = {
			isa = PBXProject;
			attributes = {
				BuildIndependentTargetsInParallel = YES;
				LastUpgradeCheck = 1430;
				TargetAttributes = {
					984A0C9B27C0DE5C004A0A96 = {
						CreatedOnToolsVersion = 12.4;
					};
					F9D26B6B27E22410005A272D = {
						CreatedOnToolsVersion = 13.1;
					};
				};
			};
			buildConfigurationList = 984A0C9727C0DE5C004A0A96 /* Build configuration list for PBXProject "epidemics" */;
			compatibilityVersion = "Xcode 9.3";
			developmentRegion = en;
			hasScannedForEncodings = 0;
			knownRegions = (
				en,
				Base,
			);
			mainGroup = 984A0C9327C0DE5C004A0A96;
			productRefGroup = 984A0C9D27C0DE5C004A0A96 /* Products */;
			projectDirPath = "";
			projectRoot = "";
			targets = (
				984A0C9B27C0DE5C004A0A96 /* simulator */,
				F99D7A9F27E21DD400200C18 /* tests */,
				F9D26B6B27E22410005A272D /* testrunner */,
			);
		};
/* End PBXProject section */

/* Begin PBXSourcesBuildPhase section */
		984A0C9827C0DE5C004A0A96 /* Sources */ = {
			isa = PBXSourcesBuildPhase;
			buildActionMask = 2147483647;
			files = (
				98CFFC0327F4696F00A6E322 /* utility.cpp in Sources */,
				F9A4651E2923B2B700393E90 /* benchmark.cpp in Sources */,
				F9E1264A291CB5F100C9A221 /* NextReactionMeanField.cpp in Sources */,
				F9CFD98A299B55A90078FD70 /* dynamic_graph.cpp in Sources */,
				F933EDF929D401D200C39FE8 /* scale_free.cpp in Sources */,
				984A0CAF27C0DF81004A0A96 /* random.cpp in Sources */,
				982A07D927D5BED900B4772A /* graph.cpp in Sources */,
				F93F5D90299238F300775CFA /* trajectory.cpp in Sources */,
				98B96F7C28111BB800A78600 /* nMGA.cpp in Sources */,
				F921EC872952A7BF00667339 /* algorithm.cpp in Sources */,
				F9A4651F2923B2B700393E90 /* profile.cpp in Sources */,
				F93F5D8F299238F300775CFA /* customtrajectory.cpp in Sources */,
				984A0CA027C0DE5C004A0A96 /* main.cpp in Sources */,
				F9C0D33629F6956400A99D46 /* brownian_proximity_graph.cpp in Sources */,
				F93F5D91299238F300775CFA /* average.cpp in Sources */,
				F9EDD82F2A1C90F5003B3F31 /* REGIR.cpp in Sources */,
				F95E340B2924A79700DBCE94 /* benchmark_priorityqueue.cpp in Sources */,
				F9D484BB2ADF95F90088A946 /* custered_configuration_model_serrano.cpp in Sources */,
				F9A465202923B2B700393E90 /* sis_meanfield_gamma_gamma.cpp in Sources */,
				984A0CAB27C0DF56004A0A96 /* analysis.cpp in Sources */,
				98B96F7228111BAC00A78600 /* NextReaction.cpp in Sources */,
			);
			runOnlyForDeploymentPostprocessing = 0;
		};
		F99D7AA027E21DD400200C18 /* Sources */ = {
			isa = PBXSourcesBuildPhase;
			buildActionMask = 2147483647;
			files = (
				F946F0482A444BC20060FA58 /* utility.cpp in Sources */,
				98CFFC0427F4696F00A6E322 /* utility.cpp in Sources */,
				F946F0452A444BC20060FA58 /* dynamic_nextreaction.cpp in Sources */,
				F946F0412A4408DE0060FA58 /* regir.cpp in Sources */,
				F946F04A2A444BC20060FA58 /* dynamic_graph.cpp in Sources */,
				F946F0462A444BC20060FA58 /* nextreaction.cpp in Sources */,
				F946F0432A444A910060FA58 /* nmga.cpp in Sources */,
				F9D26B8D27E229BA005A272D /* graph.cpp in Sources */,
				F9D26B8E27E229BA005A272D /* analysis.cpp in Sources */,
				98B96F7D28111BB800A78600 /* nMGA.cpp in Sources */,
				F921EC882952A7BF00667339 /* algorithm.cpp in Sources */,
				F9E1264B291CB5F100C9A221 /* NextReactionMeanField.cpp in Sources */,
				F992992C2910E2B3001432FD /* plot.cpp in Sources */,
				F9CFD98B299B55A90078FD70 /* dynamic_graph.cpp in Sources */,
				F9A08B1E29F7B28200CF3432 /* brownian_proximity_graph.cpp in Sources */,
				F946F0492A444BC20060FA58 /* brownian_proximity_graph.cpp in Sources */,
				F9EDD8302A1C90F5003B3F31 /* REGIR.cpp in Sources */,
				F946F0472A444BC20060FA58 /* random.cpp in Sources */,
				F946F0442A444BC20060FA58 /* graph.cpp in Sources */,
				F9D26B8C27E229B9005A272D /* random.cpp in Sources */,
				98B96F7328111BAC00A78600 /* NextReaction.cpp in Sources */,
			);
			runOnlyForDeploymentPostprocessing = 0;
		};
		F9D26B6927E22410005A272D /* Sources */ = {
			isa = PBXSourcesBuildPhase;
			buildActionMask = 2147483647;
			files = (
				F9D26B8927E229AB005A272D /* main.cpp in Sources */,
			);
			runOnlyForDeploymentPostprocessing = 0;
		};
/* End PBXSourcesBuildPhase section */

/* Begin XCBuildConfiguration section */
		984A0CA127C0DE5C004A0A96 /* Debug */ = {
			isa = XCBuildConfiguration;
			buildSettings = {
				ALWAYS_SEARCH_USER_PATHS = NO;
				CLANG_ADDRESS_SANITIZER_CONTAINER_OVERFLOW = YES;
				CLANG_ANALYZER_NONNULL = YES;
				CLANG_ANALYZER_NUMBER_OBJECT_CONVERSION = YES_AGGRESSIVE;
				CLANG_CXX_LANGUAGE_STANDARD = "gnu++17";
				CLANG_CXX_LIBRARY = "libc++";
				CLANG_ENABLE_MODULES = YES;
				CLANG_ENABLE_OBJC_ARC = YES;
				CLANG_ENABLE_OBJC_WEAK = YES;
				CLANG_UNDEFINED_BEHAVIOR_SANITIZER_NULLABILITY = YES;
				CLANG_WARN_BLOCK_CAPTURE_AUTORELEASING = YES;
				CLANG_WARN_BOOL_CONVERSION = YES;
				CLANG_WARN_COMMA = YES;
				CLANG_WARN_CONSTANT_CONVERSION = YES;
				CLANG_WARN_DEPRECATED_OBJC_IMPLEMENTATIONS = YES;
				CLANG_WARN_DIRECT_OBJC_ISA_USAGE = YES_ERROR;
				CLANG_WARN_DOCUMENTATION_COMMENTS = NO;
				CLANG_WARN_EMPTY_BODY = YES;
				CLANG_WARN_ENUM_CONVERSION = YES;
				CLANG_WARN_INFINITE_RECURSION = YES;
				CLANG_WARN_INT_CONVERSION = YES;
				CLANG_WARN_NON_LITERAL_NULL_CONVERSION = YES;
				CLANG_WARN_OBJC_IMPLICIT_RETAIN_SELF = YES;
				CLANG_WARN_OBJC_LITERAL_CONVERSION = YES;
				CLANG_WARN_OBJC_ROOT_CLASS = YES_ERROR;
				CLANG_WARN_QUOTED_INCLUDE_IN_FRAMEWORK_HEADER = YES;
				CLANG_WARN_RANGE_LOOP_ANALYSIS = YES;
				CLANG_WARN_STRICT_PROTOTYPES = YES;
				CLANG_WARN_SUSPICIOUS_MOVE = YES;
				CLANG_WARN_UNGUARDED_AVAILABILITY = YES_AGGRESSIVE;
				CLANG_WARN_UNREACHABLE_CODE = YES;
				CLANG_WARN__DUPLICATE_METHOD_MATCH = YES;
				COPY_PHASE_STRIP = NO;
				DEAD_CODE_STRIPPING = YES;
				DEBUG_INFORMATION_FORMAT = dwarf;
				ENABLE_STRICT_OBJC_MSGSEND = YES;
				ENABLE_TESTABILITY = YES;
				FRAMEWORK_SEARCH_PATHS = "$(BOOST_DIR)/lib";
				GCC_C_LANGUAGE_STANDARD = gnu11;
				GCC_DYNAMIC_NO_PIC = NO;
				GCC_INLINES_ARE_PRIVATE_EXTERN = YES;
				GCC_NO_COMMON_BLOCKS = YES;
				GCC_OPTIMIZATION_LEVEL = 0;
				GCC_PREPROCESSOR_DEFINITIONS = (
					"DEBUG=1",
					"$(inherited)",
				);
				GCC_SYMBOLS_PRIVATE_EXTERN = YES;
				GCC_TREAT_WARNINGS_AS_ERRORS = NO;
				GCC_WARN_64_TO_32_BIT_CONVERSION = YES;
				GCC_WARN_ABOUT_RETURN_TYPE = YES_ERROR;
				GCC_WARN_UNDECLARED_SELECTOR = YES;
				GCC_WARN_UNINITIALIZED_AUTOS = YES_AGGRESSIVE;
				GCC_WARN_UNUSED_FUNCTION = YES;
				GCC_WARN_UNUSED_VARIABLE = YES;
				HEADER_SEARCH_PATHS = "$(BOOST_DIR)/include";
				LIBRARY_SEARCH_PATHS = "$(BOOST_DIR)/lib";
				MACOSX_DEPLOYMENT_TARGET = 12.0;
				MTL_ENABLE_DEBUG_INFO = INCLUDE_SOURCE;
				MTL_FAST_MATH = YES;
				ONLY_ACTIVE_ARCH = YES;
				SDKROOT = macosx;
				USER_HEADER_SEARCH_PATHS = (
					"$(PROJECT_DIR)/epidemics",
					"$(PROJECT_DIR)/ext/dyndist",
				);
			};
			name = Debug;
		};
		984A0CA227C0DE5C004A0A96 /* Release */ = {
			isa = XCBuildConfiguration;
			buildSettings = {
				ALWAYS_SEARCH_USER_PATHS = NO;
				CLANG_ANALYZER_NONNULL = YES;
				CLANG_ANALYZER_NUMBER_OBJECT_CONVERSION = YES_AGGRESSIVE;
				CLANG_CXX_LANGUAGE_STANDARD = "gnu++17";
				CLANG_CXX_LIBRARY = "libc++";
				CLANG_ENABLE_MODULES = YES;
				CLANG_ENABLE_OBJC_ARC = YES;
				CLANG_ENABLE_OBJC_WEAK = YES;
				CLANG_UNDEFINED_BEHAVIOR_SANITIZER_NULLABILITY = YES;
				CLANG_WARN_BLOCK_CAPTURE_AUTORELEASING = YES;
				CLANG_WARN_BOOL_CONVERSION = YES;
				CLANG_WARN_COMMA = YES;
				CLANG_WARN_CONSTANT_CONVERSION = YES;
				CLANG_WARN_DEPRECATED_OBJC_IMPLEMENTATIONS = YES;
				CLANG_WARN_DIRECT_OBJC_ISA_USAGE = YES_ERROR;
				CLANG_WARN_DOCUMENTATION_COMMENTS = NO;
				CLANG_WARN_EMPTY_BODY = YES;
				CLANG_WARN_ENUM_CONVERSION = YES;
				CLANG_WARN_INFINITE_RECURSION = YES;
				CLANG_WARN_INT_CONVERSION = YES;
				CLANG_WARN_NON_LITERAL_NULL_CONVERSION = YES;
				CLANG_WARN_OBJC_IMPLICIT_RETAIN_SELF = YES;
				CLANG_WARN_OBJC_LITERAL_CONVERSION = YES;
				CLANG_WARN_OBJC_ROOT_CLASS = YES_ERROR;
				CLANG_WARN_QUOTED_INCLUDE_IN_FRAMEWORK_HEADER = YES;
				CLANG_WARN_RANGE_LOOP_ANALYSIS = YES;
				CLANG_WARN_STRICT_PROTOTYPES = YES;
				CLANG_WARN_SUSPICIOUS_MOVE = YES;
				CLANG_WARN_UNGUARDED_AVAILABILITY = YES_AGGRESSIVE;
				CLANG_WARN_UNREACHABLE_CODE = YES;
				CLANG_WARN__DUPLICATE_METHOD_MATCH = YES;
				COPY_PHASE_STRIP = NO;
				DEAD_CODE_STRIPPING = YES;
				DEBUG_INFORMATION_FORMAT = "dwarf-with-dsym";
				ENABLE_NS_ASSERTIONS = NO;
				ENABLE_STRICT_OBJC_MSGSEND = YES;
				FRAMEWORK_SEARCH_PATHS = "$(BOOST_DIR)/lib";
				GCC_C_LANGUAGE_STANDARD = gnu11;
				GCC_INLINES_ARE_PRIVATE_EXTERN = YES;
				GCC_NO_COMMON_BLOCKS = YES;
				GCC_SYMBOLS_PRIVATE_EXTERN = YES;
				GCC_TREAT_WARNINGS_AS_ERRORS = NO;
				GCC_WARN_64_TO_32_BIT_CONVERSION = YES;
				GCC_WARN_ABOUT_RETURN_TYPE = YES_ERROR;
				GCC_WARN_UNDECLARED_SELECTOR = YES;
				GCC_WARN_UNINITIALIZED_AUTOS = YES_AGGRESSIVE;
				GCC_WARN_UNUSED_FUNCTION = YES;
				GCC_WARN_UNUSED_VARIABLE = YES;
				HEADER_SEARCH_PATHS = "$(BOOST_DIR)/include";
				LIBRARY_SEARCH_PATHS = "$(BOOST_DIR)/lib";
				MACOSX_DEPLOYMENT_TARGET = 12.0;
				MTL_ENABLE_DEBUG_INFO = NO;
				MTL_FAST_MATH = YES;
				ONLY_ACTIVE_ARCH = YES;
				SDKROOT = macosx;
				USER_HEADER_SEARCH_PATHS = (
					"$(PROJECT_DIR)/epidemics",
					"$(PROJECT_DIR)/ext/dyndist",
				);
			};
			name = Release;
		};
		984A0CA427C0DE5C004A0A96 /* Debug */ = {
			isa = XCBuildConfiguration;
			buildSettings = {
				CODE_SIGN_IDENTITY = "-";
				CODE_SIGN_STYLE = Automatic;
				DEAD_CODE_STRIPPING = YES;
				GCC_PRECOMPILE_PREFIX_HEADER = YES;
				GCC_PREFIX_HEADER = epidemics/stdafx.h;
				PRODUCT_NAME = "$(TARGET_NAME)";
			};
			name = Debug;
		};
		984A0CA527C0DE5C004A0A96 /* Release */ = {
			isa = XCBuildConfiguration;
			buildSettings = {
				CODE_SIGN_IDENTITY = "-";
				CODE_SIGN_STYLE = Automatic;
				DEAD_CODE_STRIPPING = YES;
				GCC_PRECOMPILE_PREFIX_HEADER = YES;
				GCC_PREFIX_HEADER = epidemics/stdafx.h;
				PRODUCT_NAME = "$(TARGET_NAME)";
			};
			name = Release;
		};
		F99D7AA927E21DD400200C18 /* Debug */ = {
			isa = XCBuildConfiguration;
			buildSettings = {
				CLANG_CXX_LANGUAGE_STANDARD = "c++17";
				CODE_SIGN_IDENTITY = "-";
				CODE_SIGN_STYLE = Automatic;
				DEAD_CODE_STRIPPING = YES;
				GCC_C_LANGUAGE_STANDARD = c11;
				GCC_PRECOMPILE_PREFIX_HEADER = YES;
				GCC_PREFIX_HEADER = epidemics/tests/stdafx.h;
				GCC_PREPROCESSOR_DEFINITIONS = (
					"DEBUG=1",
					"DYNDIST_ENABLE_ASSERTS=1",
					"GNUPLOT_DEFAULT_COMMAND=\"\\\"$(GNUPLOT) -persist\\\"\"",
					"ENABLE_PLOTTING=1",
					"TEST_DATA_DIR=\"\\\"$(PROJECT_DIR)/epidemics/tests/data\\\"\"",
				);
				LIBRARY_SEARCH_PATHS = "$(inherited)";
				PRODUCT_NAME = "$(TARGET_NAME)";
			};
			name = Debug;
		};
		F99D7AAA27E21DD400200C18 /* Release */ = {
			isa = XCBuildConfiguration;
			buildSettings = {
				CLANG_CXX_LANGUAGE_STANDARD = "c++17";
				CODE_SIGN_IDENTITY = "-";
				CODE_SIGN_STYLE = Automatic;
				DEAD_CODE_STRIPPING = YES;
				GCC_C_LANGUAGE_STANDARD = c11;
				GCC_PRECOMPILE_PREFIX_HEADER = YES;
				GCC_PREFIX_HEADER = epidemics/tests/stdafx.h;
				GCC_PREPROCESSOR_DEFINITIONS = (
					NDEBUG,
					"ENABLE_PLOTTING=1",
					"GNUPLOT_DEFAULT_COMMAND=\"\\\"$(GNUPLOT) -persist\\\"\"",
					"TEST_DATA_DIR=\"\\\"$(PROJECT_DIR)/epidemics/tests/data\\\"\"",
				);
				LIBRARY_SEARCH_PATHS = "$(inherited)";
				PRODUCT_NAME = "$(TARGET_NAME)";
			};
			name = Release;
		};
		F9D26B7527E22410005A272D /* Debug */ = {
			isa = XCBuildConfiguration;
			buildSettings = {
				CODE_SIGN_STYLE = Automatic;
				DEAD_CODE_STRIPPING = YES;
				EXECUTABLE_PREFIX = lib;
				MACOSX_DEPLOYMENT_TARGET = 10.15;
				PRODUCT_NAME = "$(TARGET_NAME)";
				SKIP_INSTALL = YES;
			};
			name = Debug;
		};
		F9D26B7627E22410005A272D /* Release */ = {
			isa = XCBuildConfiguration;
			buildSettings = {
				CODE_SIGN_STYLE = Automatic;
				DEAD_CODE_STRIPPING = YES;
				EXECUTABLE_PREFIX = lib;
				MACOSX_DEPLOYMENT_TARGET = 10.15;
				PRODUCT_NAME = "$(TARGET_NAME)";
				SKIP_INSTALL = YES;
			};
			name = Release;
		};
/* End XCBuildConfiguration section */

/* Begin XCConfigurationList section */
		984A0C9727C0DE5C004A0A96 /* Build configuration list for PBXProject "epidemics" */ = {
			isa = XCConfigurationList;
			buildConfigurations = (
				984A0CA127C0DE5C004A0A96 /* Debug */,
				984A0CA227C0DE5C004A0A96 /* Release */,
			);
			defaultConfigurationIsVisible = 0;
			defaultConfigurationName = Release;
		};
		984A0CA327C0DE5C004A0A96 /* Build configuration list for PBXNativeTarget "simulator" */ = {
			isa = XCConfigurationList;
			buildConfigurations = (
				984A0CA427C0DE5C004A0A96 /* Debug */,
				984A0CA527C0DE5C004A0A96 /* Release */,
			);
			defaultConfigurationIsVisible = 0;
			defaultConfigurationName = Release;
		};
		F99D7AA827E21DD400200C18 /* Build configuration list for PBXNativeTarget "tests" */ = {
			isa = XCConfigurationList;
			buildConfigurations = (
				F99D7AA927E21DD400200C18 /* Debug */,
				F99D7AAA27E21DD400200C18 /* Release */,
			);
			defaultConfigurationIsVisible = 0;
			defaultConfigurationName = Release;
		};
		F9D26B7427E22410005A272D /* Build configuration list for PBXNativeTarget "testrunner" */ = {
			isa = XCConfigurationList;
			buildConfigurations = (
				F9D26B7527E22410005A272D /* Debug */,
				F9D26B7627E22410005A272D /* Release */,
			);
			defaultConfigurationIsVisible = 0;
			defaultConfigurationName = Release;
		};
/* End XCConfigurationList section */
	};
	rootObject = 984A0C9427C0DE5C004A0A96 /* Project object */;
}
